// !$*UTF8*$!
{
	archiveVersion = 1;
	classes = {
	};
	objectVersion = 50;
	objects = {

/* Begin PBXBuildFile section */
		A1122351210108D600313322 /* ImageView.swift in Sources */ = {isa = PBXBuildFile; fileRef = A1122350210108D600313322 /* ImageView.swift */; };
		A1122353210108ED00313322 /* AttachmentView.swift in Sources */ = {isa = PBXBuildFile; fileRef = A1122352210108ED00313322 /* AttachmentView.swift */; };
		A1FEF7FB20FFED5F009DC56B /* AppDelegate.swift in Sources */ = {isa = PBXBuildFile; fileRef = A1FEF7FA20FFED5F009DC56B /* AppDelegate.swift */; };
		A1FEF7FD20FFED5F009DC56B /* ViewController.swift in Sources */ = {isa = PBXBuildFile; fileRef = A1FEF7FC20FFED5F009DC56B /* ViewController.swift */; };
		A1FEF7FF20FFED5F009DC56B /* MyTextPictDocument.swift in Sources */ = {isa = PBXBuildFile; fileRef = A1FEF7FE20FFED5F009DC56B /* MyTextPictDocument.swift */; };
		A1FEF80120FFED61009DC56B /* Assets.xcassets in Resources */ = {isa = PBXBuildFile; fileRef = A1FEF80020FFED61009DC56B /* Assets.xcassets */; };
		A1FEF80420FFED61009DC56B /* Main.storyboard in Resources */ = {isa = PBXBuildFile; fileRef = A1FEF80220FFED61009DC56B /* Main.storyboard */; };
		A1FEF80D20FFEDD5009DC56B /* README.md in Resources */ = {isa = PBXBuildFile; fileRef = A1FEF80C20FFEDD5009DC56B /* README.md */; };
		A1FEF80F20FFEEA0009DC56B /* File.icns in Resources */ = {isa = PBXBuildFile; fileRef = A1FEF80E20FFEEA0009DC56B /* File.icns */; };
		A1FEF81120FFF1D2009DC56B /* WindowController.swift in Sources */ = {isa = PBXBuildFile; fileRef = A1FEF81020FFF1D2009DC56B /* WindowController.swift */; };
/* End PBXBuildFile section */

/* Begin PBXFileReference section */
		A1122350210108D600313322 /* ImageView.swift */ = {isa = PBXFileReference; lastKnownFileType = sourcecode.swift; path = ImageView.swift; sourceTree = "<group>"; };
		A1122352210108ED00313322 /* AttachmentView.swift */ = {isa = PBXFileReference; lastKnownFileType = sourcecode.swift; path = AttachmentView.swift; sourceTree = "<group>"; };
		A1FEF7F720FFED5F009DC56B /* PackagedDocumentforOSX.app */ = {isa = PBXFileReference; explicitFileType = wrapper.application; includeInIndex = 0; path = PackagedDocumentforOSX.app; sourceTree = BUILT_PRODUCTS_DIR; };
		A1FEF7FA20FFED5F009DC56B /* AppDelegate.swift */ = {isa = PBXFileReference; lastKnownFileType = sourcecode.swift; path = AppDelegate.swift; sourceTree = "<group>"; };
		A1FEF7FC20FFED5F009DC56B /* ViewController.swift */ = {isa = PBXFileReference; lastKnownFileType = sourcecode.swift; path = ViewController.swift; sourceTree = "<group>"; };
		A1FEF7FE20FFED5F009DC56B /* MyTextPictDocument.swift */ = {isa = PBXFileReference; lastKnownFileType = sourcecode.swift; path = MyTextPictDocument.swift; sourceTree = "<group>"; };
		A1FEF80020FFED61009DC56B /* Assets.xcassets */ = {isa = PBXFileReference; lastKnownFileType = folder.assetcatalog; path = Assets.xcassets; sourceTree = "<group>"; };
		A1FEF80320FFED61009DC56B /* Base */ = {isa = PBXFileReference; lastKnownFileType = file.storyboard; name = Base; path = Base.lproj/Main.storyboard; sourceTree = "<group>"; };
		A1FEF80520FFED61009DC56B /* Info.plist */ = {isa = PBXFileReference; lastKnownFileType = text.plist.xml; path = Info.plist; sourceTree = "<group>"; };
		A1FEF80620FFED61009DC56B /* PackagedDocumentforOSX.entitlements */ = {isa = PBXFileReference; lastKnownFileType = text.plist.entitlements; path = PackagedDocumentforOSX.entitlements; sourceTree = "<group>"; };
		A1FEF80C20FFEDD5009DC56B /* README.md */ = {isa = PBXFileReference; fileEncoding = 4; lastKnownFileType = net.daringfireball.markdown; name = README.md; path = ../README.md; sourceTree = "<group>"; };
		A1FEF80E20FFEEA0009DC56B /* File.icns */ = {isa = PBXFileReference; lastKnownFileType = image.icns; path = File.icns; sourceTree = "<group>"; };
		A1FEF81020FFF1D2009DC56B /* WindowController.swift */ = {isa = PBXFileReference; lastKnownFileType = sourcecode.swift; path = WindowController.swift; sourceTree = "<group>"; };
/* End PBXFileReference section */

/* Begin PBXFrameworksBuildPhase section */
		A1FEF7F420FFED5F009DC56B /* Frameworks */ = {
			isa = PBXFrameworksBuildPhase;
			buildActionMask = 2147483647;
			files = (
			);
			runOnlyForDeploymentPostprocessing = 0;
		};
/* End PBXFrameworksBuildPhase section */

/* Begin PBXGroup section */
		A1FEF7EE20FFED5F009DC56B = {
			isa = PBXGroup;
			children = (
				A1FEF80C20FFEDD5009DC56B /* README.md */,
				A1FEF7F920FFED5F009DC56B /* PackagedDocumentforOSX */,
				A1FEF7F820FFED5F009DC56B /* Products */,
			);
			sourceTree = "<group>";
		};
		A1FEF7F820FFED5F009DC56B /* Products */ = {
			isa = PBXGroup;
			children = (
				A1FEF7F720FFED5F009DC56B /* PackagedDocumentforOSX.app */,
			);
			name = Products;
			sourceTree = "<group>";
		};
		A1FEF7F920FFED5F009DC56B /* PackagedDocumentforOSX */ = {
			isa = PBXGroup;
			children = (
				A1FEF7FA20FFED5F009DC56B /* AppDelegate.swift */,
				A1FEF81020FFF1D2009DC56B /* WindowController.swift */,
				A1FEF7FC20FFED5F009DC56B /* ViewController.swift */,
				A1FEF7FE20FFED5F009DC56B /* MyTextPictDocument.swift */,
				A1122352210108ED00313322 /* AttachmentView.swift */,
				A1122350210108D600313322 /* ImageView.swift */,
				A1FEF80020FFED61009DC56B /* Assets.xcassets */,
				A1FEF80220FFED61009DC56B /* Main.storyboard */,
				A1FEF80520FFED61009DC56B /* Info.plist */,
				A1FEF80620FFED61009DC56B /* PackagedDocumentforOSX.entitlements */,
				A1FEF80E20FFEEA0009DC56B /* File.icns */,
			);
			path = PackagedDocumentforOSX;
			sourceTree = "<group>";
		};
/* End PBXGroup section */

/* Begin PBXNativeTarget section */
		A1FEF7F620FFED5F009DC56B /* PackagedDocumentforOSX */ = {
			isa = PBXNativeTarget;
			buildConfigurationList = A1FEF80920FFED61009DC56B /* Build configuration list for PBXNativeTarget "PackagedDocumentforOSX" */;
			buildPhases = (
				A1FEF7F320FFED5F009DC56B /* Sources */,
				A1FEF7F420FFED5F009DC56B /* Frameworks */,
				A1FEF7F520FFED5F009DC56B /* Resources */,
			);
			buildRules = (
			);
			dependencies = (
			);
			name = PackagedDocumentforOSX;
			productName = PackagedDocumentforOSX;
			productReference = A1FEF7F720FFED5F009DC56B /* PackagedDocumentforOSX.app */;
			productType = "com.apple.product-type.application";
		};
/* End PBXNativeTarget section */

/* Begin PBXProject section */
		A1FEF7EF20FFED5F009DC56B /* Project object */ = {
			isa = PBXProject;
			attributes = {
				LastSwiftUpdateCheck = 0940;
				LastUpgradeCheck = 0940;
				ORGANIZATIONNAME = brClouders;
				TargetAttributes = {
					A1FEF7F620FFED5F009DC56B = {
						CreatedOnToolsVersion = 9.4.1;
						SystemCapabilities = {
							com.apple.iCloud = {
								enabled = 1;
							};
						};
					};
				};
			};
			buildConfigurationList = A1FEF7F220FFED5F009DC56B /* Build configuration list for PBXProject "PackagedDocumentforOSX" */;
			compatibilityVersion = "Xcode 9.3";
			developmentRegion = en;
			hasScannedForEncodings = 0;
			knownRegions = (
				en,
				Base,
			);
			mainGroup = A1FEF7EE20FFED5F009DC56B;
			productRefGroup = A1FEF7F820FFED5F009DC56B /* Products */;
			projectDirPath = "";
			projectRoot = "";
			targets = (
				A1FEF7F620FFED5F009DC56B /* PackagedDocumentforOSX */,
			);
		};
/* End PBXProject section */

/* Begin PBXResourcesBuildPhase section */
		A1FEF7F520FFED5F009DC56B /* Resources */ = {
			isa = PBXResourcesBuildPhase;
			buildActionMask = 2147483647;
			files = (
				A1FEF80F20FFEEA0009DC56B /* File.icns in Resources */,
				A1FEF80D20FFEDD5009DC56B /* README.md in Resources */,
				A1FEF80120FFED61009DC56B /* Assets.xcassets in Resources */,
				A1FEF80420FFED61009DC56B /* Main.storyboard in Resources */,
			);
			runOnlyForDeploymentPostprocessing = 0;
		};
/* End PBXResourcesBuildPhase section */

/* Begin PBXSourcesBuildPhase section */
		A1FEF7F320FFED5F009DC56B /* Sources */ = {
			isa = PBXSourcesBuildPhase;
			buildActionMask = 2147483647;
			files = (
				A1122351210108D600313322 /* ImageView.swift in Sources */,
				A1FEF7FD20FFED5F009DC56B /* ViewController.swift in Sources */,
				A1FEF81120FFF1D2009DC56B /* WindowController.swift in Sources */,
				A1FEF7FB20FFED5F009DC56B /* AppDelegate.swift in Sources */,
				A1FEF7FF20FFED5F009DC56B /* MyTextPictDocument.swift in Sources */,
				A1122353210108ED00313322 /* AttachmentView.swift in Sources */,
			);
			runOnlyForDeploymentPostprocessing = 0;
		};
/* End PBXSourcesBuildPhase section */

/* Begin PBXVariantGroup section */
		A1FEF80220FFED61009DC56B /* Main.storyboard */ = {
			isa = PBXVariantGroup;
			children = (
				A1FEF80320FFED61009DC56B /* Base */,
			);
			name = Main.storyboard;
			sourceTree = "<group>";
		};
/* End PBXVariantGroup section */

/* Begin XCBuildConfiguration section */
		A1FEF80720FFED61009DC56B /* Debug */ = {
			isa = XCBuildConfiguration;
			buildSettings = {
				ALWAYS_SEARCH_USER_PATHS = NO;
				CLANG_ANALYZER_NONNULL = YES;
				CLANG_ANALYZER_NUMBER_OBJECT_CONVERSION = YES_AGGRESSIVE;
				CLANG_CXX_LANGUAGE_STANDARD = "gnu++14";
				CLANG_CXX_LIBRARY = "libc++";
				CLANG_ENABLE_MODULES = YES;
				CLANG_ENABLE_OBJC_ARC = YES;
				CLANG_ENABLE_OBJC_WEAK = YES;
				CLANG_WARN_BLOCK_CAPTURE_AUTORELEASING = YES;
				CLANG_WARN_BOOL_CONVERSION = YES;
				CLANG_WARN_COMMA = YES;
				CLANG_WARN_CONSTANT_CONVERSION = YES;
				CLANG_WARN_DEPRECATED_OBJC_IMPLEMENTATIONS = YES;
				CLANG_WARN_DIRECT_OBJC_ISA_USAGE = YES_ERROR;
				CLANG_WARN_DOCUMENTATION_COMMENTS = YES;
				CLANG_WARN_EMPTY_BODY = YES;
				CLANG_WARN_ENUM_CONVERSION = YES;
				CLANG_WARN_INFINITE_RECURSION = YES;
				CLANG_WARN_INT_CONVERSION = YES;
				CLANG_WARN_NON_LITERAL_NULL_CONVERSION = YES;
				CLANG_WARN_OBJC_IMPLICIT_RETAIN_SELF = YES;
				CLANG_WARN_OBJC_LITERAL_CONVERSION = YES;
				CLANG_WARN_OBJC_ROOT_CLASS = YES_ERROR;
				CLANG_WARN_RANGE_LOOP_ANALYSIS = YES;
				CLANG_WARN_STRICT_PROTOTYPES = YES;
				CLANG_WARN_SUSPICIOUS_MOVE = YES;
				CLANG_WARN_UNGUARDED_AVAILABILITY = YES_AGGRESSIVE;
				CLANG_WARN_UNREACHABLE_CODE = YES;
				CLANG_WARN__DUPLICATE_METHOD_MATCH = YES;
				CODE_SIGN_IDENTITY = "Mac Developer";
				COPY_PHASE_STRIP = NO;
				DEBUG_INFORMATION_FORMAT = dwarf;
				ENABLE_STRICT_OBJC_MSGSEND = YES;
				ENABLE_TESTABILITY = YES;
				GCC_C_LANGUAGE_STANDARD = gnu11;
				GCC_DYNAMIC_NO_PIC = NO;
				GCC_NO_COMMON_BLOCKS = YES;
				GCC_OPTIMIZATION_LEVEL = 0;
				GCC_PREPROCESSOR_DEFINITIONS = (
					"DEBUG=1",
					"$(inherited)",
				);
				GCC_WARN_64_TO_32_BIT_CONVERSION = YES;
				GCC_WARN_ABOUT_RETURN_TYPE = YES_ERROR;
				GCC_WARN_UNDECLARED_SELECTOR = YES;
				GCC_WARN_UNINITIALIZED_AUTOS = YES_AGGRESSIVE;
				GCC_WARN_UNUSED_FUNCTION = YES;
				GCC_WARN_UNUSED_VARIABLE = YES;
				MACOSX_DEPLOYMENT_TARGET = 10.13;
				MTL_ENABLE_DEBUG_INFO = YES;
				ONLY_ACTIVE_ARCH = YES;
				SDKROOT = macosx;
				SWIFT_ACTIVE_COMPILATION_CONDITIONS = DEBUG;
				SWIFT_OPTIMIZATION_LEVEL = "-Onone";
			};
			name = Debug;
		};
		A1FEF80820FFED61009DC56B /* Release */ = {
			isa = XCBuildConfiguration;
			buildSettings = {
				ALWAYS_SEARCH_USER_PATHS = NO;
				CLANG_ANALYZER_NONNULL = YES;
				CLANG_ANALYZER_NUMBER_OBJECT_CONVERSION = YES_AGGRESSIVE;
				CLANG_CXX_LANGUAGE_STANDARD = "gnu++14";
				CLANG_CXX_LIBRARY = "libc++";
				CLANG_ENABLE_MODULES = YES;
				CLANG_ENABLE_OBJC_ARC = YES;
				CLANG_ENABLE_OBJC_WEAK = YES;
				CLANG_WARN_BLOCK_CAPTURE_AUTORELEASING = YES;
				CLANG_WARN_BOOL_CONVERSION = YES;
				CLANG_WARN_COMMA = YES;
				CLANG_WARN_CONSTANT_CONVERSION = YES;
				CLANG_WARN_DEPRECATED_OBJC_IMPLEMENTATIONS = YES;
				CLANG_WARN_DIRECT_OBJC_ISA_USAGE = YES_ERROR;
				CLANG_WARN_DOCUMENTATION_COMMENTS = YES;
				CLANG_WARN_EMPTY_BODY = YES;
				CLANG_WARN_ENUM_CONVERSION = YES;
				CLANG_WARN_INFINITE_RECURSION = YES;
				CLANG_WARN_INT_CONVERSION = YES;
				CLANG_WARN_NON_LITERAL_NULL_CONVERSION = YES;
				CLANG_WARN_OBJC_IMPLICIT_RETAIN_SELF = YES;
				CLANG_WARN_OBJC_LITERAL_CONVERSION = YES;
				CLANG_WARN_OBJC_ROOT_CLASS = YES_ERROR;
				CLANG_WARN_RANGE_LOOP_ANALYSIS = YES;
				CLANG_WARN_STRICT_PROTOTYPES = YES;
				CLANG_WARN_SUSPICIOUS_MOVE = YES;
				CLANG_WARN_UNGUARDED_AVAILABILITY = YES_AGGRESSIVE;
				CLANG_WARN_UNREACHABLE_CODE = YES;
				CLANG_WARN__DUPLICATE_METHOD_MATCH = YES;
				CODE_SIGN_IDENTITY = "Mac Developer";
				COPY_PHASE_STRIP = NO;
				DEBUG_INFORMATION_FORMAT = "dwarf-with-dsym";
				ENABLE_NS_ASSERTIONS = NO;
				ENABLE_STRICT_OBJC_MSGSEND = YES;
				GCC_C_LANGUAGE_STANDARD = gnu11;
				GCC_NO_COMMON_BLOCKS = YES;
				GCC_WARN_64_TO_32_BIT_CONVERSION = YES;
				GCC_WARN_ABOUT_RETURN_TYPE = YES_ERROR;
				GCC_WARN_UNDECLARED_SELECTOR = YES;
				GCC_WARN_UNINITIALIZED_AUTOS = YES_AGGRESSIVE;
				GCC_WARN_UNUSED_FUNCTION = YES;
				GCC_WARN_UNUSED_VARIABLE = YES;
				MACOSX_DEPLOYMENT_TARGET = 10.13;
				MTL_ENABLE_DEBUG_INFO = NO;
				SDKROOT = macosx;
				SWIFT_COMPILATION_MODE = wholemodule;
				SWIFT_OPTIMIZATION_LEVEL = "-O";
			};
			name = Release;
		};
		A1FEF80A20FFED61009DC56B /* Debug */ = {
			isa = XCBuildConfiguration;
			buildSettings = {
				ASSETCATALOG_COMPILER_APPICON_NAME = AppIcon;
				CODE_SIGN_ENTITLEMENTS = PackagedDocumentforOSX/PackagedDocumentforOSX.entitlements;
				CODE_SIGN_STYLE = Automatic;
				COMBINE_HIDPI_IMAGES = YES;
				DEVELOPMENT_TEAM = 7YB9C5DSP3;
				INFOPLIST_FILE = PackagedDocumentforOSX/Info.plist;
				LD_RUNPATH_SEARCH_PATHS = (
					"$(inherited)",
					"@executable_path/../Frameworks",
				);
				PRODUCT_BUNDLE_IDENTIFIER = br.com.brclouders.PackagedDocumentforOSX;
				PRODUCT_NAME = "$(TARGET_NAME)";
				SWIFT_VERSION = 4.0;
			};
			name = Debug;
		};
		A1FEF80B20FFED61009DC56B /* Release */ = {
			isa = XCBuildConfiguration;
			buildSettings = {
				ASSETCATALOG_COMPILER_APPICON_NAME = AppIcon;
				CODE_SIGN_ENTITLEMENTS = PackagedDocumentforOSX/PackagedDocumentforOSX.entitlements;
				CODE_SIGN_STYLE = Automatic;
				COMBINE_HIDPI_IMAGES = YES;
				DEVELOPMENT_TEAM = 7YB9C5DSP3;
				INFOPLIST_FILE = PackagedDocumentforOSX/Info.plist;
				LD_RUNPATH_SEARCH_PATHS = (
					"$(inherited)",
					"@executable_path/../Frameworks",
				);
				PRODUCT_BUNDLE_IDENTIFIER = br.com.brclouders.PackagedDocumentforOSX;
				PRODUCT_NAME = "$(TARGET_NAME)";
				SWIFT_VERSION = 4.0;
			};
			name = Release;
		};
/* End XCBuildConfiguration section */

/* Begin XCConfigurationList section */
		A1FEF7F220FFED5F009DC56B /* Build configuration list for PBXProject "PackagedDocumentforOSX" */ = {
			isa = XCConfigurationList;
			buildConfigurations = (
				A1FEF80720FFED61009DC56B /* Debug */,
				A1FEF80820FFED61009DC56B /* Release */,
			);
			defaultConfigurationIsVisible = 0;
			defaultConfigurationName = Release;
		};
		A1FEF80920FFED61009DC56B /* Build configuration list for PBXNativeTarget "PackagedDocumentforOSX" */ = {
			isa = XCConfigurationList;
			buildConfigurations = (
				A1FEF80A20FFED61009DC56B /* Debug */,
				A1FEF80B20FFED61009DC56B /* Release */,
			);
			defaultConfigurationIsVisible = 0;
			defaultConfigurationName = Release;
		};
/* End XCConfigurationList section */
	};
	rootObject = A1FEF7EF20FFED5F009DC56B /* Project object */;
}
